// !$*UTF8*$!
{
	archiveVersion = 1;
	classes = {
	};
	objectVersion = 51;
	objects = {

/* Begin PBXBuildFile section */
		2D275152106A32F1E1CBEC24 /* Pods_NYTimesApp.framework in Frameworks */ = {isa = PBXBuildFile; fileRef = B41C8A9B800AF3A66B58DF86 /* Pods_NYTimesApp.framework */; };
		4DC6211122DF8A3200209C09 /* AppDelegate.swift in Sources */ = {isa = PBXBuildFile; fileRef = 4DC6211022DF8A3200209C09 /* AppDelegate.swift */; };
		4DC6211322DF8A3200209C09 /* MasterViewController.swift in Sources */ = {isa = PBXBuildFile; fileRef = 4DC6211222DF8A3200209C09 /* MasterViewController.swift */; };
		4DC6211522DF8A3200209C09 /* DetailViewController.swift in Sources */ = {isa = PBXBuildFile; fileRef = 4DC6211422DF8A3200209C09 /* DetailViewController.swift */; };
		4DC6211822DF8A3200209C09 /* Main.storyboard in Resources */ = {isa = PBXBuildFile; fileRef = 4DC6211622DF8A3200209C09 /* Main.storyboard */; };
		4DC6211A22DF8A3300209C09 /* Assets.xcassets in Resources */ = {isa = PBXBuildFile; fileRef = 4DC6211922DF8A3300209C09 /* Assets.xcassets */; };
		4DC6211D22DF8A3300209C09 /* LaunchScreen.storyboard in Resources */ = {isa = PBXBuildFile; fileRef = 4DC6211B22DF8A3300209C09 /* LaunchScreen.storyboard */; };
		4DC6212822DF8A3300209C09 /* NYTimesAppTests.swift in Sources */ = {isa = PBXBuildFile; fileRef = 4DC6212722DF8A3300209C09 /* NYTimesAppTests.swift */; };
		4DC6213322DF8A3300209C09 /* NYTimesAppUITests.swift in Sources */ = {isa = PBXBuildFile; fileRef = 4DC6213222DF8A3300209C09 /* NYTimesAppUITests.swift */; };
		4DC6214122DF8A3E00209C09 /* NYTimesCore.framework in Frameworks */ = {isa = PBXBuildFile; fileRef = 4DC6214022DF8A3E00209C09 /* NYTimesCore.framework */; };
		4DC6214222DF8A3E00209C09 /* NYTimesCore.framework in Embed Frameworks */ = {isa = PBXBuildFile; fileRef = 4DC6214022DF8A3E00209C09 /* NYTimesCore.framework */; settings = {ATTRIBUTES = (CodeSignOnCopy, RemoveHeadersOnCopy, ); }; };
		4DC6215E22DF9CE100209C09 /* NSObject+IGListDiffable.swift in Sources */ = {isa = PBXBuildFile; fileRef = 4DC6215D22DF9CE100209C09 /* NSObject+IGListDiffable.swift */; };
		4DC6216022DF9D0300209C09 /* ArticleListViewController.swift in Sources */ = {isa = PBXBuildFile; fileRef = 4DC6215F22DF9D0300209C09 /* ArticleListViewController.swift */; };
		4DC6216322DF9E2F00209C09 /* LoadMoreController.swift in Sources */ = {isa = PBXBuildFile; fileRef = 4DC6216222DF9E2F00209C09 /* LoadMoreController.swift */; };
		4DC6216622DF9ECE00209C09 /* ArticleListCell.swift in Sources */ = {isa = PBXBuildFile; fileRef = 4DC6216522DF9ECE00209C09 /* ArticleListCell.swift */; };
		4DC6216822DF9ED600209C09 /* ArticleListCell.xib in Resources */ = {isa = PBXBuildFile; fileRef = 4DC6216722DF9ED600209C09 /* ArticleListCell.xib */; };
		4DC6216A22DFA12D00209C09 /* ArticleItemController.swift in Sources */ = {isa = PBXBuildFile; fileRef = 4DC6216922DFA12D00209C09 /* ArticleItemController.swift */; };
		4DC6216C22DFA6C700209C09 /* ArticleDetailViewController.swift in Sources */ = {isa = PBXBuildFile; fileRef = 4DC6216B22DFA6C700209C09 /* ArticleDetailViewController.swift */; };
		4DC6216E22DFA9B200209C09 /* ArticleDetailSummaryController.swift in Sources */ = {isa = PBXBuildFile; fileRef = 4DC6216D22DFA9B200209C09 /* ArticleDetailSummaryController.swift */; };
		4DC6217022DFA9FD00209C09 /* ArticleDetailSummaryCell.swift in Sources */ = {isa = PBXBuildFile; fileRef = 4DC6216F22DFA9FD00209C09 /* ArticleDetailSummaryCell.swift */; };
		4DC6217222DFAA3800209C09 /* ArticleDetailSummaryCell.xib in Resources */ = {isa = PBXBuildFile; fileRef = 4DC6217122DFAA3800209C09 /* ArticleDetailSummaryCell.xib */; };
/* End PBXBuildFile section */

/* Begin PBXContainerItemProxy section */
		4DC6212422DF8A3300209C09 /* PBXContainerItemProxy */ = {
			isa = PBXContainerItemProxy;
			containerPortal = 4DC6210522DF8A3200209C09 /* Project object */;
			proxyType = 1;
			remoteGlobalIDString = 4DC6210C22DF8A3200209C09;
			remoteInfo = NYTimesApp;
		};
		4DC6212F22DF8A3300209C09 /* PBXContainerItemProxy */ = {
			isa = PBXContainerItemProxy;
			containerPortal = 4DC6210522DF8A3200209C09 /* Project object */;
			proxyType = 1;
			remoteGlobalIDString = 4DC6210C22DF8A3200209C09;
			remoteInfo = NYTimesApp;
		};
/* End PBXContainerItemProxy section */

/* Begin PBXCopyFilesBuildPhase section */
		4DC6214322DF8A3E00209C09 /* Embed Frameworks */ = {
			isa = PBXCopyFilesBuildPhase;
			buildActionMask = 2147483647;
			dstPath = "";
			dstSubfolderSpec = 10;
			files = (
				4DC6214222DF8A3E00209C09 /* NYTimesCore.framework in Embed Frameworks */,
			);
			name = "Embed Frameworks";
			runOnlyForDeploymentPostprocessing = 0;
		};
/* End PBXCopyFilesBuildPhase section */

/* Begin PBXFileReference section */
		41DDED0F53DE63B60F1B93A2 /* Pods-NYTimesApp.release.xcconfig */ = {isa = PBXFileReference; includeInIndex = 1; lastKnownFileType = text.xcconfig; name = "Pods-NYTimesApp.release.xcconfig"; path = "Target Support Files/Pods-NYTimesApp/Pods-NYTimesApp.release.xcconfig"; sourceTree = "<group>"; };
		4DC6210D22DF8A3200209C09 /* NYTimesApp.app */ = {isa = PBXFileReference; explicitFileType = wrapper.application; includeInIndex = 0; path = NYTimesApp.app; sourceTree = BUILT_PRODUCTS_DIR; };
		4DC6211022DF8A3200209C09 /* AppDelegate.swift */ = {isa = PBXFileReference; lastKnownFileType = sourcecode.swift; path = AppDelegate.swift; sourceTree = "<group>"; };
		4DC6211222DF8A3200209C09 /* MasterViewController.swift */ = {isa = PBXFileReference; lastKnownFileType = sourcecode.swift; path = MasterViewController.swift; sourceTree = "<group>"; };
		4DC6211422DF8A3200209C09 /* DetailViewController.swift */ = {isa = PBXFileReference; lastKnownFileType = sourcecode.swift; path = DetailViewController.swift; sourceTree = "<group>"; };
		4DC6211722DF8A3200209C09 /* Base */ = {isa = PBXFileReference; lastKnownFileType = file.storyboard; name = Base; path = Base.lproj/Main.storyboard; sourceTree = "<group>"; };
		4DC6211922DF8A3300209C09 /* Assets.xcassets */ = {isa = PBXFileReference; lastKnownFileType = folder.assetcatalog; path = Assets.xcassets; sourceTree = "<group>"; };
		4DC6211C22DF8A3300209C09 /* Base */ = {isa = PBXFileReference; lastKnownFileType = file.storyboard; name = Base; path = Base.lproj/LaunchScreen.storyboard; sourceTree = "<group>"; };
		4DC6211E22DF8A3300209C09 /* Info.plist */ = {isa = PBXFileReference; lastKnownFileType = text.plist.xml; path = Info.plist; sourceTree = "<group>"; };
		4DC6212322DF8A3300209C09 /* NYTimesAppTests.xctest */ = {isa = PBXFileReference; explicitFileType = wrapper.cfbundle; includeInIndex = 0; path = NYTimesAppTests.xctest; sourceTree = BUILT_PRODUCTS_DIR; };
		4DC6212722DF8A3300209C09 /* NYTimesAppTests.swift */ = {isa = PBXFileReference; lastKnownFileType = sourcecode.swift; path = NYTimesAppTests.swift; sourceTree = "<group>"; };
		4DC6212922DF8A3300209C09 /* Info.plist */ = {isa = PBXFileReference; lastKnownFileType = text.plist.xml; path = Info.plist; sourceTree = "<group>"; };
		4DC6212E22DF8A3300209C09 /* NYTimesAppUITests.xctest */ = {isa = PBXFileReference; explicitFileType = wrapper.cfbundle; includeInIndex = 0; path = NYTimesAppUITests.xctest; sourceTree = BUILT_PRODUCTS_DIR; };
		4DC6213222DF8A3300209C09 /* NYTimesAppUITests.swift */ = {isa = PBXFileReference; lastKnownFileType = sourcecode.swift; path = NYTimesAppUITests.swift; sourceTree = "<group>"; };
		4DC6213422DF8A3300209C09 /* Info.plist */ = {isa = PBXFileReference; lastKnownFileType = text.plist.xml; path = Info.plist; sourceTree = "<group>"; };
		4DC6214022DF8A3E00209C09 /* NYTimesCore.framework */ = {isa = PBXFileReference; explicitFileType = wrapper.framework; path = NYTimesCore.framework; sourceTree = BUILT_PRODUCTS_DIR; };
		4DC6215D22DF9CE100209C09 /* NSObject+IGListDiffable.swift */ = {isa = PBXFileReference; lastKnownFileType = sourcecode.swift; path = "NSObject+IGListDiffable.swift"; sourceTree = "<group>"; };
		4DC6215F22DF9D0300209C09 /* ArticleListViewController.swift */ = {isa = PBXFileReference; lastKnownFileType = sourcecode.swift; path = ArticleListViewController.swift; sourceTree = "<group>"; };
		4DC6216222DF9E2F00209C09 /* LoadMoreController.swift */ = {isa = PBXFileReference; lastKnownFileType = sourcecode.swift; path = LoadMoreController.swift; sourceTree = "<group>"; };
		4DC6216522DF9ECE00209C09 /* ArticleListCell.swift */ = {isa = PBXFileReference; lastKnownFileType = sourcecode.swift; path = ArticleListCell.swift; sourceTree = "<group>"; };
		4DC6216722DF9ED600209C09 /* ArticleListCell.xib */ = {isa = PBXFileReference; lastKnownFileType = file.xib; path = ArticleListCell.xib; sourceTree = "<group>"; };
		4DC6216922DFA12D00209C09 /* ArticleItemController.swift */ = {isa = PBXFileReference; lastKnownFileType = sourcecode.swift; path = ArticleItemController.swift; sourceTree = "<group>"; };
		4DC6216B22DFA6C700209C09 /* ArticleDetailViewController.swift */ = {isa = PBXFileReference; lastKnownFileType = sourcecode.swift; path = ArticleDetailViewController.swift; sourceTree = "<group>"; };
		4DC6216D22DFA9B200209C09 /* ArticleDetailSummaryController.swift */ = {isa = PBXFileReference; lastKnownFileType = sourcecode.swift; path = ArticleDetailSummaryController.swift; sourceTree = "<group>"; };
		4DC6216F22DFA9FD00209C09 /* ArticleDetailSummaryCell.swift */ = {isa = PBXFileReference; lastKnownFileType = sourcecode.swift; path = ArticleDetailSummaryCell.swift; sourceTree = "<group>"; };
		4DC6217122DFAA3800209C09 /* ArticleDetailSummaryCell.xib */ = {isa = PBXFileReference; lastKnownFileType = file.xib; path = ArticleDetailSummaryCell.xib; sourceTree = "<group>"; };
		B41C8A9B800AF3A66B58DF86 /* Pods_NYTimesApp.framework */ = {isa = PBXFileReference; explicitFileType = wrapper.framework; includeInIndex = 0; path = Pods_NYTimesApp.framework; sourceTree = BUILT_PRODUCTS_DIR; };
		D58865387B8479D6B7FD7CD6 /* Pods-NYTimesApp.debug.xcconfig */ = {isa = PBXFileReference; includeInIndex = 1; lastKnownFileType = text.xcconfig; name = "Pods-NYTimesApp.debug.xcconfig"; path = "Target Support Files/Pods-NYTimesApp/Pods-NYTimesApp.debug.xcconfig"; sourceTree = "<group>"; };
/* End PBXFileReference section */

/* Begin PBXFrameworksBuildPhase section */
		4DC6210A22DF8A3200209C09 /* Frameworks */ = {
			isa = PBXFrameworksBuildPhase;
			buildActionMask = 2147483647;
			files = (
				4DC6214122DF8A3E00209C09 /* NYTimesCore.framework in Frameworks */,
				2D275152106A32F1E1CBEC24 /* Pods_NYTimesApp.framework in Frameworks */,
			);
			runOnlyForDeploymentPostprocessing = 0;
		};
		4DC6212022DF8A3300209C09 /* Frameworks */ = {
			isa = PBXFrameworksBuildPhase;
			buildActionMask = 2147483647;
			files = (
			);
			runOnlyForDeploymentPostprocessing = 0;
		};
		4DC6212B22DF8A3300209C09 /* Frameworks */ = {
			isa = PBXFrameworksBuildPhase;
			buildActionMask = 2147483647;
			files = (
			);
			runOnlyForDeploymentPostprocessing = 0;
		};
/* End PBXFrameworksBuildPhase section */

/* Begin PBXGroup section */
		4DC6210422DF8A3200209C09 = {
			isa = PBXGroup;
			children = (
				4DC6214022DF8A3E00209C09 /* NYTimesCore.framework */,
				4DC6210F22DF8A3200209C09 /* NYTimesApp */,
				4DC6212622DF8A3300209C09 /* NYTimesAppTests */,
				4DC6213122DF8A3300209C09 /* NYTimesAppUITests */,
				4DC6210E22DF8A3200209C09 /* Products */,
				904C2625FAF28F67DAEDC2FE /* Pods */,
				E3CFA864BBD021CE3B7AF2F4 /* Frameworks */,
			);
			sourceTree = "<group>";
		};
		4DC6210E22DF8A3200209C09 /* Products */ = {
			isa = PBXGroup;
			children = (
				4DC6210D22DF8A3200209C09 /* NYTimesApp.app */,
				4DC6212322DF8A3300209C09 /* NYTimesAppTests.xctest */,
				4DC6212E22DF8A3300209C09 /* NYTimesAppUITests.xctest */,
			);
			name = Products;
			sourceTree = "<group>";
		};
		4DC6210F22DF8A3200209C09 /* NYTimesApp */ = {
			isa = PBXGroup;
			children = (
				4DC6216422DF9E9000209C09 /* Views */,
				4DC6215C22DF9CD700209C09 /* Common */,
				4DC6216122DF9E1E00209C09 /* Sections */,
				4DC6215B22DF9CC400209C09 /* ViewControllers */,
				4DC6211022DF8A3200209C09 /* AppDelegate.swift */,
				4DC6211222DF8A3200209C09 /* MasterViewController.swift */,
				4DC6211422DF8A3200209C09 /* DetailViewController.swift */,
				4DC6211622DF8A3200209C09 /* Main.storyboard */,
				4DC6211922DF8A3300209C09 /* Assets.xcassets */,
				4DC6211B22DF8A3300209C09 /* LaunchScreen.storyboard */,
				4DC6211E22DF8A3300209C09 /* Info.plist */,
			);
			path = NYTimesApp;
			sourceTree = "<group>";
		};
		4DC6212622DF8A3300209C09 /* NYTimesAppTests */ = {
			isa = PBXGroup;
			children = (
				4DC6212722DF8A3300209C09 /* NYTimesAppTests.swift */,
				4DC6212922DF8A3300209C09 /* Info.plist */,
			);
			path = NYTimesAppTests;
			sourceTree = "<group>";
		};
		4DC6213122DF8A3300209C09 /* NYTimesAppUITests */ = {
			isa = PBXGroup;
			children = (
				4DC6213222DF8A3300209C09 /* NYTimesAppUITests.swift */,
				4DC6213422DF8A3300209C09 /* Info.plist */,
			);
			path = NYTimesAppUITests;
			sourceTree = "<group>";
		};
		4DC6215B22DF9CC400209C09 /* ViewControllers */ = {
			isa = PBXGroup;
			children = (
				4DC6215F22DF9D0300209C09 /* ArticleListViewController.swift */,
				4DC6216B22DFA6C700209C09 /* ArticleDetailViewController.swift */,
			);
			path = ViewControllers;
			sourceTree = "<group>";
		};
		4DC6215C22DF9CD700209C09 /* Common */ = {
			isa = PBXGroup;
			children = (
				4DC6215D22DF9CE100209C09 /* NSObject+IGListDiffable.swift */,
			);
			path = Common;
			sourceTree = "<group>";
		};
		4DC6216122DF9E1E00209C09 /* Sections */ = {
			isa = PBXGroup;
			children = (
				4DC6216222DF9E2F00209C09 /* LoadMoreController.swift */,
				4DC6216922DFA12D00209C09 /* ArticleItemController.swift */,
				4DC6216D22DFA9B200209C09 /* ArticleDetailSummaryController.swift */,
			);
			path = Sections;
			sourceTree = "<group>";
		};
		4DC6216422DF9E9000209C09 /* Views */ = {
			isa = PBXGroup;
			children = (
				4DC6216522DF9ECE00209C09 /* ArticleListCell.swift */,
				4DC6216722DF9ED600209C09 /* ArticleListCell.xib */,
				4DC6216F22DFA9FD00209C09 /* ArticleDetailSummaryCell.swift */,
				4DC6217122DFAA3800209C09 /* ArticleDetailSummaryCell.xib */,
			);
			path = Views;
			sourceTree = "<group>";
		};
		904C2625FAF28F67DAEDC2FE /* Pods */ = {
			isa = PBXGroup;
			children = (
				D58865387B8479D6B7FD7CD6 /* Pods-NYTimesApp.debug.xcconfig */,
				41DDED0F53DE63B60F1B93A2 /* Pods-NYTimesApp.release.xcconfig */,
			);
			name = Pods;
			path = ../Pods;
			sourceTree = "<group>";
		};
		E3CFA864BBD021CE3B7AF2F4 /* Frameworks */ = {
			isa = PBXGroup;
			children = (
				B41C8A9B800AF3A66B58DF86 /* Pods_NYTimesApp.framework */,
			);
			name = Frameworks;
			sourceTree = "<group>";
		};
/* End PBXGroup section */

/* Begin PBXNativeTarget section */
		4DC6210C22DF8A3200209C09 /* NYTimesApp */ = {
			isa = PBXNativeTarget;
			buildConfigurationList = 4DC6213722DF8A3300209C09 /* Build configuration list for PBXNativeTarget "NYTimesApp" */;
			buildPhases = (
				AE7B844E57A7E5E8EF4E00B3 /* [CP] Check Pods Manifest.lock */,
				4DC6210922DF8A3200209C09 /* Sources */,
				4DC6210A22DF8A3200209C09 /* Frameworks */,
				4DC6210B22DF8A3200209C09 /* Resources */,
				4DC6214322DF8A3E00209C09 /* Embed Frameworks */,
				0C7DCF29CAF5F750C1F89F6F /* [CP] Embed Pods Frameworks */,
			);
			buildRules = (
			);
			dependencies = (
			);
			name = NYTimesApp;
			productName = NYTimesApp;
			productReference = 4DC6210D22DF8A3200209C09 /* NYTimesApp.app */;
			productType = "com.apple.product-type.application";
		};
		4DC6212222DF8A3300209C09 /* NYTimesAppTests */ = {
			isa = PBXNativeTarget;
			buildConfigurationList = 4DC6213A22DF8A3300209C09 /* Build configuration list for PBXNativeTarget "NYTimesAppTests" */;
			buildPhases = (
				4DC6211F22DF8A3300209C09 /* Sources */,
				4DC6212022DF8A3300209C09 /* Frameworks */,
				4DC6212122DF8A3300209C09 /* Resources */,
			);
			buildRules = (
			);
			dependencies = (
				4DC6212522DF8A3300209C09 /* PBXTargetDependency */,
			);
			name = NYTimesAppTests;
			productName = NYTimesAppTests;
			productReference = 4DC6212322DF8A3300209C09 /* NYTimesAppTests.xctest */;
			productType = "com.apple.product-type.bundle.unit-test";
		};
		4DC6212D22DF8A3300209C09 /* NYTimesAppUITests */ = {
			isa = PBXNativeTarget;
			buildConfigurationList = 4DC6213D22DF8A3300209C09 /* Build configuration list for PBXNativeTarget "NYTimesAppUITests" */;
			buildPhases = (
				4DC6212A22DF8A3300209C09 /* Sources */,
				4DC6212B22DF8A3300209C09 /* Frameworks */,
				4DC6212C22DF8A3300209C09 /* Resources */,
			);
			buildRules = (
			);
			dependencies = (
				4DC6213022DF8A3300209C09 /* PBXTargetDependency */,
			);
			name = NYTimesAppUITests;
			productName = NYTimesAppUITests;
			productReference = 4DC6212E22DF8A3300209C09 /* NYTimesAppUITests.xctest */;
			productType = "com.apple.product-type.bundle.ui-testing";
		};
/* End PBXNativeTarget section */

/* Begin PBXProject section */
		4DC6210522DF8A3200209C09 /* Project object */ = {
			isa = PBXProject;
			attributes = {
				LastSwiftUpdateCheck = 1020;
				LastUpgradeCheck = 1020;
				ORGANIZATIONNAME = "Nanjunda Swamy";
				TargetAttributes = {
					4DC6210C22DF8A3200209C09 = {
						CreatedOnToolsVersion = 10.2.1;
					};
					4DC6212222DF8A3300209C09 = {
						CreatedOnToolsVersion = 10.2.1;
						TestTargetID = 4DC6210C22DF8A3200209C09;
					};
					4DC6212D22DF8A3300209C09 = {
						CreatedOnToolsVersion = 10.2.1;
						TestTargetID = 4DC6210C22DF8A3200209C09;
					};
				};
			};
			buildConfigurationList = 4DC6210822DF8A3200209C09 /* Build configuration list for PBXProject "NYTimesApp" */;
			compatibilityVersion = "Xcode 9.3";
			developmentRegion = en;
			hasScannedForEncodings = 0;
			knownRegions = (
				en,
				Base,
			);
			mainGroup = 4DC6210422DF8A3200209C09;
			productRefGroup = 4DC6210E22DF8A3200209C09 /* Products */;
			projectDirPath = "";
			projectRoot = "";
			targets = (
				4DC6210C22DF8A3200209C09 /* NYTimesApp */,
				4DC6212222DF8A3300209C09 /* NYTimesAppTests */,
				4DC6212D22DF8A3300209C09 /* NYTimesAppUITests */,
			);
		};
/* End PBXProject section */

/* Begin PBXResourcesBuildPhase section */
		4DC6210B22DF8A3200209C09 /* Resources */ = {
			isa = PBXResourcesBuildPhase;
			buildActionMask = 2147483647;
			files = (
				4DC6216822DF9ED600209C09 /* ArticleListCell.xib in Resources */,
				4DC6217222DFAA3800209C09 /* ArticleDetailSummaryCell.xib in Resources */,
				4DC6211D22DF8A3300209C09 /* LaunchScreen.storyboard in Resources */,
				4DC6211A22DF8A3300209C09 /* Assets.xcassets in Resources */,
				4DC6211822DF8A3200209C09 /* Main.storyboard in Resources */,
			);
			runOnlyForDeploymentPostprocessing = 0;
		};
		4DC6212122DF8A3300209C09 /* Resources */ = {
			isa = PBXResourcesBuildPhase;
			buildActionMask = 2147483647;
			files = (
			);
			runOnlyForDeploymentPostprocessing = 0;
		};
		4DC6212C22DF8A3300209C09 /* Resources */ = {
			isa = PBXResourcesBuildPhase;
			buildActionMask = 2147483647;
			files = (
			);
			runOnlyForDeploymentPostprocessing = 0;
		};
/* End PBXResourcesBuildPhase section */

/* Begin PBXShellScriptBuildPhase section */
		0C7DCF29CAF5F750C1F89F6F /* [CP] Embed Pods Frameworks */ = {
			isa = PBXShellScriptBuildPhase;
			buildActionMask = 2147483647;
			files = (
			);
			inputFileListPaths = (
				"${PODS_ROOT}/Target Support Files/Pods-NYTimesApp/Pods-NYTimesApp-frameworks-${CONFIGURATION}-input-files.xcfilelist",
			);
			name = "[CP] Embed Pods Frameworks";
			outputFileListPaths = (
				"${PODS_ROOT}/Target Support Files/Pods-NYTimesApp/Pods-NYTimesApp-frameworks-${CONFIGURATION}-output-files.xcfilelist",
			);
			runOnlyForDeploymentPostprocessing = 0;
			shellPath = /bin/sh;
			shellScript = "\"${PODS_ROOT}/Target Support Files/Pods-NYTimesApp/Pods-NYTimesApp-frameworks.sh\"\n";
			showEnvVarsInLog = 0;
		};
		AE7B844E57A7E5E8EF4E00B3 /* [CP] Check Pods Manifest.lock */ = {
			isa = PBXShellScriptBuildPhase;
			buildActionMask = 2147483647;
			files = (
			);
			inputFileListPaths = (
			);
			inputPaths = (
				"${PODS_PODFILE_DIR_PATH}/Podfile.lock",
				"${PODS_ROOT}/Manifest.lock",
			);
			name = "[CP] Check Pods Manifest.lock";
			outputFileListPaths = (
			);
			outputPaths = (
				"$(DERIVED_FILE_DIR)/Pods-NYTimesApp-checkManifestLockResult.txt",
			);
			runOnlyForDeploymentPostprocessing = 0;
			shellPath = /bin/sh;
			shellScript = "diff \"${PODS_PODFILE_DIR_PATH}/Podfile.lock\" \"${PODS_ROOT}/Manifest.lock\" > /dev/null\nif [ $? != 0 ] ; then\n    # print error to STDERR\n    echo \"error: The sandbox is not in sync with the Podfile.lock. Run 'pod install' or update your CocoaPods installation.\" >&2\n    exit 1\nfi\n# This output is used by Xcode 'outputs' to avoid re-running this script phase.\necho \"SUCCESS\" > \"${SCRIPT_OUTPUT_FILE_0}\"\n";
			showEnvVarsInLog = 0;
		};
/* End PBXShellScriptBuildPhase section */

/* Begin PBXSourcesBuildPhase section */
		4DC6210922DF8A3200209C09 /* Sources */ = {
			isa = PBXSourcesBuildPhase;
			buildActionMask = 2147483647;
			files = (
				4DC6216E22DFA9B200209C09 /* ArticleDetailSummaryController.swift in Sources */,
				4DC6216322DF9E2F00209C09 /* LoadMoreController.swift in Sources */,
				4DC6217022DFA9FD00209C09 /* ArticleDetailSummaryCell.swift in Sources */,
				4DC6215E22DF9CE100209C09 /* NSObject+IGListDiffable.swift in Sources */,
				4DC6211522DF8A3200209C09 /* DetailViewController.swift in Sources */,
				4DC6216622DF9ECE00209C09 /* ArticleListCell.swift in Sources */,
				4DC6216022DF9D0300209C09 /* ArticleListViewController.swift in Sources */,
				4DC6216A22DFA12D00209C09 /* ArticleItemController.swift in Sources */,
				4DC6211322DF8A3200209C09 /* MasterViewController.swift in Sources */,
				4DC6211122DF8A3200209C09 /* AppDelegate.swift in Sources */,
				4DC6216C22DFA6C700209C09 /* ArticleDetailViewController.swift in Sources */,
			);
			runOnlyForDeploymentPostprocessing = 0;
		};
		4DC6211F22DF8A3300209C09 /* Sources */ = {
			isa = PBXSourcesBuildPhase;
			buildActionMask = 2147483647;
			files = (
				4DC6212822DF8A3300209C09 /* NYTimesAppTests.swift in Sources */,
			);
			runOnlyForDeploymentPostprocessing = 0;
		};
		4DC6212A22DF8A3300209C09 /* Sources */ = {
			isa = PBXSourcesBuildPhase;
			buildActionMask = 2147483647;
			files = (
				4DC6213322DF8A3300209C09 /* NYTimesAppUITests.swift in Sources */,
			);
			runOnlyForDeploymentPostprocessing = 0;
		};
/* End PBXSourcesBuildPhase section */

/* Begin PBXTargetDependency section */
		4DC6212522DF8A3300209C09 /* PBXTargetDependency */ = {
			isa = PBXTargetDependency;
			target = 4DC6210C22DF8A3200209C09 /* NYTimesApp */;
			targetProxy = 4DC6212422DF8A3300209C09 /* PBXContainerItemProxy */;
		};
		4DC6213022DF8A3300209C09 /* PBXTargetDependency */ = {
			isa = PBXTargetDependency;
			target = 4DC6210C22DF8A3200209C09 /* NYTimesApp */;
			targetProxy = 4DC6212F22DF8A3300209C09 /* PBXContainerItemProxy */;
		};
/* End PBXTargetDependency section */

/* Begin PBXVariantGroup section */
		4DC6211622DF8A3200209C09 /* Main.storyboard */ = {
			isa = PBXVariantGroup;
			children = (
				4DC6211722DF8A3200209C09 /* Base */,
			);
			name = Main.storyboard;
			sourceTree = "<group>";
		};
		4DC6211B22DF8A3300209C09 /* LaunchScreen.storyboard */ = {
			isa = PBXVariantGroup;
			children = (
				4DC6211C22DF8A3300209C09 /* Base */,
			);
			name = LaunchScreen.storyboard;
			sourceTree = "<group>";
		};
/* End PBXVariantGroup section */

/* Begin XCBuildConfiguration section */
		4DC6213522DF8A3300209C09 /* Debug */ = {
			isa = XCBuildConfiguration;
			buildSettings = {
				ALWAYS_SEARCH_USER_PATHS = NO;
				CLANG_ANALYZER_NONNULL = YES;
				CLANG_ANALYZER_NUMBER_OBJECT_CONVERSION = YES_AGGRESSIVE;
				CLANG_CXX_LANGUAGE_STANDARD = "gnu++14";
				CLANG_CXX_LIBRARY = "libc++";
				CLANG_ENABLE_MODULES = YES;
				CLANG_ENABLE_OBJC_ARC = YES;
				CLANG_ENABLE_OBJC_WEAK = YES;
				CLANG_WARN_BLOCK_CAPTURE_AUTORELEASING = YES;
				CLANG_WARN_BOOL_CONVERSION = YES;
				CLANG_WARN_COMMA = YES;
				CLANG_WARN_CONSTANT_CONVERSION = YES;
				CLANG_WARN_DEPRECATED_OBJC_IMPLEMENTATIONS = YES;
				CLANG_WARN_DIRECT_OBJC_ISA_USAGE = YES_ERROR;
				CLANG_WARN_DOCUMENTATION_COMMENTS = YES;
				CLANG_WARN_EMPTY_BODY = YES;
				CLANG_WARN_ENUM_CONVERSION = YES;
				CLANG_WARN_INFINITE_RECURSION = YES;
				CLANG_WARN_INT_CONVERSION = YES;
				CLANG_WARN_NON_LITERAL_NULL_CONVERSION = YES;
				CLANG_WARN_OBJC_IMPLICIT_RETAIN_SELF = YES;
				CLANG_WARN_OBJC_LITERAL_CONVERSION = YES;
				CLANG_WARN_OBJC_ROOT_CLASS = YES_ERROR;
				CLANG_WARN_RANGE_LOOP_ANALYSIS = YES;
				CLANG_WARN_STRICT_PROTOTYPES = YES;
				CLANG_WARN_SUSPICIOUS_MOVE = YES;
				CLANG_WARN_UNGUARDED_AVAILABILITY = YES_AGGRESSIVE;
				CLANG_WARN_UNREACHABLE_CODE = YES;
				CLANG_WARN__DUPLICATE_METHOD_MATCH = YES;
				CODE_SIGN_IDENTITY = "iPhone Developer";
				COPY_PHASE_STRIP = NO;
				DEBUG_INFORMATION_FORMAT = dwarf;
				ENABLE_STRICT_OBJC_MSGSEND = YES;
				ENABLE_TESTABILITY = YES;
				GCC_C_LANGUAGE_STANDARD = gnu11;
				GCC_DYNAMIC_NO_PIC = NO;
				GCC_NO_COMMON_BLOCKS = YES;
				GCC_OPTIMIZATION_LEVEL = 0;
				GCC_PREPROCESSOR_DEFINITIONS = (
					"DEBUG=1",
					"$(inherited)",
				);
				GCC_WARN_64_TO_32_BIT_CONVERSION = YES;
				GCC_WARN_ABOUT_RETURN_TYPE = YES_ERROR;
				GCC_WARN_UNDECLARED_SELECTOR = YES;
				GCC_WARN_UNINITIALIZED_AUTOS = YES_AGGRESSIVE;
				GCC_WARN_UNUSED_FUNCTION = YES;
				GCC_WARN_UNUSED_VARIABLE = YES;
				IPHONEOS_DEPLOYMENT_TARGET = 12.2;
				MTL_ENABLE_DEBUG_INFO = INCLUDE_SOURCE;
				MTL_FAST_MATH = YES;
				ONLY_ACTIVE_ARCH = YES;
				SDKROOT = iphoneos;
				SWIFT_ACTIVE_COMPILATION_CONDITIONS = DEBUG;
				SWIFT_OPTIMIZATION_LEVEL = "-Onone";
			};
			name = Debug;
		};
		4DC6213622DF8A3300209C09 /* Release */ = {
			isa = XCBuildConfiguration;
			buildSettings = {
				ALWAYS_SEARCH_USER_PATHS = NO;
				CLANG_ANALYZER_NONNULL = YES;
				CLANG_ANALYZER_NUMBER_OBJECT_CONVERSION = YES_AGGRESSIVE;
				CLANG_CXX_LANGUAGE_STANDARD = "gnu++14";
				CLANG_CXX_LIBRARY = "libc++";
				CLANG_ENABLE_MODULES = YES;
				CLANG_ENABLE_OBJC_ARC = YES;
				CLANG_ENABLE_OBJC_WEAK = YES;
				CLANG_WARN_BLOCK_CAPTURE_AUTORELEASING = YES;
				CLANG_WARN_BOOL_CONVERSION = YES;
				CLANG_WARN_COMMA = YES;
				CLANG_WARN_CONSTANT_CONVERSION = YES;
				CLANG_WARN_DEPRECATED_OBJC_IMPLEMENTATIONS = YES;
				CLANG_WARN_DIRECT_OBJC_ISA_USAGE = YES_ERROR;
				CLANG_WARN_DOCUMENTATION_COMMENTS = YES;
				CLANG_WARN_EMPTY_BODY = YES;
				CLANG_WARN_ENUM_CONVERSION = YES;
				CLANG_WARN_INFINITE_RECURSION = YES;
				CLANG_WARN_INT_CONVERSION = YES;
				CLANG_WARN_NON_LITERAL_NULL_CONVERSION = YES;
				CLANG_WARN_OBJC_IMPLICIT_RETAIN_SELF = YES;
				CLANG_WARN_OBJC_LITERAL_CONVERSION = YES;
				CLANG_WARN_OBJC_ROOT_CLASS = YES_ERROR;
				CLANG_WARN_RANGE_LOOP_ANALYSIS = YES;
				CLANG_WARN_STRICT_PROTOTYPES = YES;
				CLANG_WARN_SUSPICIOUS_MOVE = YES;
				CLANG_WARN_UNGUARDED_AVAILABILITY = YES_AGGRESSIVE;
				CLANG_WARN_UNREACHABLE_CODE = YES;
				CLANG_WARN__DUPLICATE_METHOD_MATCH = YES;
				CODE_SIGN_IDENTITY = "iPhone Developer";
				COPY_PHASE_STRIP = NO;
				DEBUG_INFORMATION_FORMAT = "dwarf-with-dsym";
				ENABLE_NS_ASSERTIONS = NO;
				ENABLE_STRICT_OBJC_MSGSEND = YES;
				GCC_C_LANGUAGE_STANDARD = gnu11;
				GCC_NO_COMMON_BLOCKS = YES;
				GCC_WARN_64_TO_32_BIT_CONVERSION = YES;
				GCC_WARN_ABOUT_RETURN_TYPE = YES_ERROR;
				GCC_WARN_UNDECLARED_SELECTOR = YES;
				GCC_WARN_UNINITIALIZED_AUTOS = YES_AGGRESSIVE;
				GCC_WARN_UNUSED_FUNCTION = YES;
				GCC_WARN_UNUSED_VARIABLE = YES;
				IPHONEOS_DEPLOYMENT_TARGET = 12.2;
				MTL_ENABLE_DEBUG_INFO = NO;
				MTL_FAST_MATH = YES;
				SDKROOT = iphoneos;
				SWIFT_COMPILATION_MODE = wholemodule;
				SWIFT_OPTIMIZATION_LEVEL = "-O";
				VALIDATE_PRODUCT = YES;
			};
			name = Release;
		};
		4DC6213822DF8A3300209C09 /* Debug */ = {
			isa = XCBuildConfiguration;
			baseConfigurationReference = D58865387B8479D6B7FD7CD6 /* Pods-NYTimesApp.debug.xcconfig */;
			buildSettings = {
				ASSETCATALOG_COMPILER_APPICON_NAME = AppIcon;
				CODE_SIGN_STYLE = Automatic;
				INFOPLIST_FILE = NYTimesApp/Info.plist;
				LD_RUNPATH_SEARCH_PATHS = (
					"$(inherited)",
					"@executable_path/Frameworks",
				);
				PRODUCT_BUNDLE_IDENTIFIER = com.nanjunda.NYTimesApp;
				PRODUCT_NAME = "$(TARGET_NAME)";
				SWIFT_VERSION = 5.0;
				TARGETED_DEVICE_FAMILY = "1,2";
			};
			name = Debug;
		};
		4DC6213922DF8A3300209C09 /* Release */ = {
			isa = XCBuildConfiguration;
			baseConfigurationReference = 41DDED0F53DE63B60F1B93A2 /* Pods-NYTimesApp.release.xcconfig */;
			buildSettings = {
				ASSETCATALOG_COMPILER_APPICON_NAME = AppIcon;
				CODE_SIGN_STYLE = Automatic;
				INFOPLIST_FILE = NYTimesApp/Info.plist;
				LD_RUNPATH_SEARCH_PATHS = (
					"$(inherited)",
					"@executable_path/Frameworks",
				);
				PRODUCT_BUNDLE_IDENTIFIER = com.nanjunda.NYTimesApp;
				PRODUCT_NAME = "$(TARGET_NAME)";
				SWIFT_VERSION = 5.0;
				TARGETED_DEVICE_FAMILY = "1,2";
			};
			name = Release;
		};
		4DC6213B22DF8A3300209C09 /* Debug */ = {
			isa = XCBuildConfiguration;
			buildSettings = {
				ALWAYS_EMBED_SWIFT_STANDARD_LIBRARIES = YES;
				BUNDLE_LOADER = "$(TEST_HOST)";
				CODE_SIGN_STYLE = Automatic;
				INFOPLIST_FILE = NYTimesAppTests/Info.plist;
				LD_RUNPATH_SEARCH_PATHS = (
					"$(inherited)",
					"@executable_path/Frameworks",
					"@loader_path/Frameworks",
				);
				PRODUCT_BUNDLE_IDENTIFIER = com.nanjunda.NYTimesAppTests;
				PRODUCT_NAME = "$(TARGET_NAME)";
				SWIFT_VERSION = 5.0;
				TARGETED_DEVICE_FAMILY = "1,2";
				TEST_HOST = "$(BUILT_PRODUCTS_DIR)/NYTimesApp.app/NYTimesApp";
			};
			name = Debug;
		};
		4DC6213C22DF8A3300209C09 /* Release */ = {
			isa = XCBuildConfiguration;
			buildSettings = {
				ALWAYS_EMBED_SWIFT_STANDARD_LIBRARIES = YES;
				BUNDLE_LOADER = "$(TEST_HOST)";
				CODE_SIGN_STYLE = Automatic;
				INFOPLIST_FILE = NYTimesAppTests/Info.plist;
				LD_RUNPATH_SEARCH_PATHS = (
					"$(inherited)",
					"@executable_path/Frameworks",
					"@loader_path/Frameworks",
				);
				PRODUCT_BUNDLE_IDENTIFIER = com.nanjunda.NYTimesAppTests;
				PRODUCT_NAME = "$(TARGET_NAME)";
				SWIFT_VERSION = 5.0;
				TARGETED_DEVICE_FAMILY = "1,2";
				TEST_HOST = "$(BUILT_PRODUCTS_DIR)/NYTimesApp.app/NYTimesApp";
			};
			name = Release;
		};
		4DC6213E22DF8A3300209C09 /* Debug */ = {
			isa = XCBuildConfiguration;
			buildSettings = {
				ALWAYS_EMBED_SWIFT_STANDARD_LIBRARIES = YES;
				CODE_SIGN_STYLE = Automatic;
				INFOPLIST_FILE = NYTimesAppUITests/Info.plist;
				LD_RUNPATH_SEARCH_PATHS = (
					"$(inherited)",
					"@executable_path/Frameworks",
					"@loader_path/Frameworks",
				);
				PRODUCT_BUNDLE_IDENTIFIER = com.nanjunda.NYTimesAppUITests;
				PRODUCT_NAME = "$(TARGET_NAME)";
				SWIFT_VERSION = 5.0;
				TARGETED_DEVICE_FAMILY = "1,2";
				TEST_TARGET_NAME = NYTimesApp;
			};
			name = Debug;
		};
		4DC6213F22DF8A3300209C09 /* Release */ = {
			isa = XCBuildConfiguration;
			buildSettings = {
				ALWAYS_EMBED_SWIFT_STANDARD_LIBRARIES = YES;
				CODE_SIGN_STYLE = Automatic;
				INFOPLIST_FILE = NYTimesAppUITests/Info.plist;
				LD_RUNPATH_SEARCH_PATHS = (
					"$(inherited)",
					"@executable_path/Frameworks",
					"@loader_path/Frameworks",
				);
				PRODUCT_BUNDLE_IDENTIFIER = com.nanjunda.NYTimesAppUITests;
				PRODUCT_NAME = "$(TARGET_NAME)";
				SWIFT_VERSION = 5.0;
				TARGETED_DEVICE_FAMILY = "1,2";
				TEST_TARGET_NAME = NYTimesApp;
			};
			name = Release;
		};
/* End XCBuildConfiguration section */

/* Begin XCConfigurationList section */
		4DC6210822DF8A3200209C09 /* Build configuration list for PBXProject "NYTimesApp" */ = {
			isa = XCConfigurationList;
			buildConfigurations = (
				4DC6213522DF8A3300209C09 /* Debug */,
				4DC6213622DF8A3300209C09 /* Release */,
			);
			defaultConfigurationIsVisible = 0;
			defaultConfigurationName = Release;
		};
		4DC6213722DF8A3300209C09 /* Build configuration list for PBXNativeTarget "NYTimesApp" */ = {
			isa = XCConfigurationList;
			buildConfigurations = (
				4DC6213822DF8A3300209C09 /* Debug */,
				4DC6213922DF8A3300209C09 /* Release */,
			);
			defaultConfigurationIsVisible = 0;
			defaultConfigurationName = Release;
		};
		4DC6213A22DF8A3300209C09 /* Build configuration list for PBXNativeTarget "NYTimesAppTests" */ = {
			isa = XCConfigurationList;
			buildConfigurations = (
				4DC6213B22DF8A3300209C09 /* Debug */,
				4DC6213C22DF8A3300209C09 /* Release */,
			);
			defaultConfigurationIsVisible = 0;
			defaultConfigurationName = Release;
		};
		4DC6213D22DF8A3300209C09 /* Build configuration list for PBXNativeTarget "NYTimesAppUITests" */ = {
			isa = XCConfigurationList;
			buildConfigurations = (
				4DC6213E22DF8A3300209C09 /* Debug */,
				4DC6213F22DF8A3300209C09 /* Release */,
			);
			defaultConfigurationIsVisible = 0;
			defaultConfigurationName = Release;
		};
/* End XCConfigurationList section */
	};
	rootObject = 4DC6210522DF8A3200209C09 /* Project object */;
}
